<?xml version="1.0" encoding="utf-8"?>
<Project ToolsVersion="4.0" xmlns="http://schemas.microsoft.com/developer/msbuild/2003">
  <ItemGroup>
    <Filter Include="Source Files">
      <UniqueIdentifier>{4FC737F1-C7A5-4376-A066-2A32D752A2FF}</UniqueIdentifier>
      <Extensions>cpp;c;cc;cxx;def;odl;idl;hpj;bat;asm;asmx</Extensions>
    </Filter>
    <Filter Include="Header Files">
      <UniqueIdentifier>{93995380-89BD-4b04-88EB-625FBE52EBFB}</UniqueIdentifier>
      <Extensions>h;hpp;hxx;hm;inl;inc;xsd</Extensions>
    </Filter>
    <Filter Include="Resource Files">
      <UniqueIdentifier>{67DA6AB6-F800-4c08-8B7A-83BB121AAD01}</UniqueIdentifier>
      <Extensions>rc;ico;cur;bmp;dlg;rc2;rct;bin;rgs;gif;jpg;jpeg;jpe;resx;tiff;tif;png;wav</Extensions>
    </Filter>
    <Filter Include="Header Files\gumbo">
      <UniqueIdentifier>{2ace1e9c-9b5f-42dc-8884-c15171319581}</UniqueIdentifier>
    </Filter>
    <Filter Include="Source Files\gumbo">
      <UniqueIdentifier>{ea5de415-e261-4c27-819a-a25f80f69673}</UniqueIdentifier>
      <Extensions>
      </Extensions>
    </Filter>
  </ItemGroup>
  <ItemGroup>
    <ClCompile Include="src\background.cpp">
      <Filter>Source Files</Filter>
    </ClCompile>
    <ClCompile Include="src\box.cpp">
      <Filter>Source Files</Filter>
    </ClCompile>
    <ClCompile Include="src\context.cpp">
      <Filter>Source Files</Filter>
    </ClCompile>
    <ClCompile Include="src\css_length.cpp">
      <Filter>Source Files</Filter>
    </ClCompile>
    <ClCompile Include="src\css_selector.cpp">
      <Filter>Source Files</Filter>
    </ClCompile>
    <ClCompile Include="src\document.cpp">
      <Filter>Source Files</Filter>
    </ClCompile>
    <ClCompile Include="src\element.cpp">
      <Filter>Source Files</Filter>
    </ClCompile>
    <ClCompile Include="src\el_anchor.cpp">
      <Filter>Source Files</Filter>
    </ClCompile>
    <ClCompile Include="src\el_base.cpp">
      <Filter>Source Files</Filter>
    </ClCompile>
    <ClCompile Include="src\el_before_after.cpp">
      <Filter>Source Files</Filter>
    </ClCompile>
    <ClCompile Include="src\el_body.cpp">
      <Filter>Source Files</Filter>
    </ClCompile>
    <ClCompile Include="src\el_break.cpp">
      <Filter>Source Files</Filter>
    </ClCompile>
    <ClCompile Include="src\el_cdata.cpp">
      <Filter>Source Files</Filter>
    </ClCompile>
    <ClCompile Include="src\el_comment.cpp">
      <Filter>Source Files</Filter>
    </ClCompile>
    <ClCompile Include="src\el_div.cpp">
      <Filter>Source Files</Filter>
    </ClCompile>
    <ClCompile Include="src\el_font.cpp">
      <Filter>Source Files</Filter>
    </ClCompile>
    <ClCompile Include="src\el_image.cpp">
      <Filter>Source Files</Filter>
    </ClCompile>
    <ClCompile Include="src\el_link.cpp">
      <Filter>Source Files</Filter>
    </ClCompile>
    <ClCompile Include="src\el_para.cpp">
      <Filter>Source Files</Filter>
    </ClCompile>
    <ClCompile Include="src\el_script.cpp">
      <Filter>Source Files</Filter>
    </ClCompile>
    <ClCompile Include="src\el_space.cpp">
      <Filter>Source Files</Filter>
    </ClCompile>
    <ClCompile Include="src\el_style.cpp">
      <Filter>Source Files</Filter>
    </ClCompile>
    <ClCompile Include="src\el_table.cpp">
      <Filter>Source Files</Filter>
    </ClCompile>
    <ClCompile Include="src\el_td.cpp">
      <Filter>Source Files</Filter>
    </ClCompile>
    <ClCompile Include="src\el_text.cpp">
      <Filter>Source Files</Filter>
    </ClCompile>
    <ClCompile Include="src\el_title.cpp">
      <Filter>Source Files</Filter>
    </ClCompile>
    <ClCompile Include="src\el_tr.cpp">
      <Filter>Source Files</Filter>
    </ClCompile>
    <ClCompile Include="src\html.cpp">
      <Filter>Source Files</Filter>
    </ClCompile>
    <ClCompile Include="src\html_tag.cpp">
      <Filter>Source Files</Filter>
    </ClCompile>
    <ClCompile Include="src\iterators.cpp">
      <Filter>Source Files</Filter>
    </ClCompile>
    <ClCompile Include="src\media_query.cpp">
      <Filter>Source Files</Filter>
    </ClCompile>
    <ClCompile Include="src\style.cpp">
      <Filter>Source Files</Filter>
    </ClCompile>
    <ClCompile Include="src\stylesheet.cpp">
      <Filter>Source Files</Filter>
    </ClCompile>
    <ClCompile Include="src\table.cpp">
      <Filter>Source Files</Filter>
    </ClCompile>
    <ClCompile Include="src\utf8_strings.cpp">
      <Filter>Source Files</Filter>
    </ClCompile>
    <ClCompile Include="src\web_color.cpp">
      <Filter>Source Files</Filter>
    </ClCompile>
    <ClCompile Include="src\gumbo\attribute.c">
      <Filter>Source Files\gumbo</Filter>
    </ClCompile>
    <ClCompile Include="src\gumbo\char_ref.c">
      <Filter>Source Files\gumbo</Filter>
    </ClCompile>
    <ClCompile Include="src\gumbo\error.c">
      <Filter>Source Files\gumbo</Filter>
    </ClCompile>
    <ClCompile Include="src\gumbo\parser.c">
      <Filter>Source Files\gumbo</Filter>
    </ClCompile>
    <ClCompile Include="src\gumbo\string_buffer.c">
      <Filter>Source Files\gumbo</Filter>
    </ClCompile>
    <ClCompile Include="src\gumbo\string_piece.c">
      <Filter>Source Files\gumbo</Filter>
    </ClCompile>
    <ClCompile Include="src\gumbo\tag.c">
      <Filter>Source Files\gumbo</Filter>
    </ClCompile>
    <ClCompile Include="src\gumbo\tokenizer.c">
      <Filter>Source Files\gumbo</Filter>
    </ClCompile>
    <ClCompile Include="src\gumbo\utf8.c">
      <Filter>Source Files\gumbo</Filter>
    </ClCompile>
    <ClCompile Include="src\gumbo\util.c">
      <Filter>Source Files\gumbo</Filter>
    </ClCompile>
    <ClCompile Include="src\gumbo\vector.c">
      <Filter>Source Files\gumbo</Filter>
    </ClCompile>
    <ClCompile Include="src\el_li.cpp">
      <Filter>Source Files</Filter>
    </ClCompile>
    <ClCompile Include="src\num_cvt.cpp">
      <Filter>Source Files</Filter>
    </ClCompile>
    <ClCompile Include="src\strtod.cpp">
      <Filter>Source Files</Filter>
    </ClCompile>
  </ItemGroup>
  <ItemGroup>
    <ClInclude Include="include\litehtml\attributes.h">
      <Filter>Header Files</Filter>
    </ClInclude>
    <ClInclude Include="include\litehtml\background.h">
      <Filter>Header Files</Filter>
    </ClInclude>
    <ClInclude Include="include\litehtml\borders.h">
      <Filter>Header Files</Filter>
    </ClInclude>
    <ClInclude Include="include\litehtml\box.h">
      <Filter>Header Files</Filter>
    </ClInclude>
    <ClInclude Include="include\litehtml\context.h">
      <Filter>Header Files</Filter>
    </ClInclude>
    <ClInclude Include="include\litehtml\css_length.h">
      <Filter>Header Files</Filter>
    </ClInclude>
    <ClInclude Include="include\litehtml\css_margins.h">
      <Filter>Header Files</Filter>
    </ClInclude>
    <ClInclude Include="include\litehtml\css_offsets.h">
      <Filter>Header Files</Filter>
    </ClInclude>
    <ClInclude Include="include\litehtml\css_position.h">
      <Filter>Header Files</Filter>
    </ClInclude>
    <ClInclude Include="include\litehtml\css_selector.h">
      <Filter>Header Files</Filter>
    </ClInclude>
    <ClInclude Include="include\litehtml\document.h">
      <Filter>Header Files</Filter>
    </ClInclude>
    <ClInclude Include="include\litehtml\element.h">
      <Filter>Header Files</Filter>
    </ClInclude>
    <ClInclude Include="include\litehtml\el_anchor.h">
      <Filter>Header Files</Filter>
    </ClInclude>
    <ClInclude Include="include\litehtml\el_base.h">
      <Filter>Header Files</Filter>
    </ClInclude>
    <ClInclude Include="include\litehtml\el_before_after.h">
      <Filter>Header Files</Filter>
    </ClInclude>
    <ClInclude Include="include\litehtml\el_body.h">
      <Filter>Header Files</Filter>
    </ClInclude>
    <ClInclude Include="include\litehtml\el_break.h">
      <Filter>Header Files</Filter>
    </ClInclude>
    <ClInclude Include="include\litehtml\el_cdata.h">
      <Filter>Header Files</Filter>
    </ClInclude>
    <ClInclude Include="include\litehtml\el_comment.h">
      <Filter>Header Files</Filter>
    </ClInclude>
    <ClInclude Include="include\litehtml\el_div.h">
      <Filter>Header Files</Filter>
    </ClInclude>
    <ClInclude Include="include\litehtml\el_font.h">
      <Filter>Header Files</Filter>
    </ClInclude>
    <ClInclude Include="include\litehtml\el_image.h">
      <Filter>Header Files</Filter>
    </ClInclude>
    <ClInclude Include="include\litehtml\el_link.h">
      <Filter>Header Files</Filter>
    </ClInclude>
    <ClInclude Include="include\litehtml\el_para.h">
      <Filter>Header Files</Filter>
    </ClInclude>
    <ClInclude Include="include\litehtml\el_script.h">
      <Filter>Header Files</Filter>
    </ClInclude>
    <ClInclude Include="include\litehtml\el_space.h">
      <Filter>Header Files</Filter>
    </ClInclude>
    <ClInclude Include="include\litehtml\el_style.h">
      <Filter>Header Files</Filter>
    </ClInclude>
    <ClInclude Include="include\litehtml\el_table.h">
      <Filter>Header Files</Filter>
    </ClInclude>
    <ClInclude Include="include\litehtml\el_td.h">
      <Filter>Header Files</Filter>
    </ClInclude>
    <ClInclude Include="include\litehtml\el_text.h">
      <Filter>Header Files</Filter>
    </ClInclude>
    <ClInclude Include="include\litehtml\el_title.h">
      <Filter>Header Files</Filter>
    </ClInclude>
    <ClInclude Include="include\litehtml\el_tr.h">
      <Filter>Header Files</Filter>
    </ClInclude>
    <ClInclude Include="include\litehtml\html.h">
      <Filter>Header Files</Filter>
    </ClInclude>
    <ClInclude Include="include\litehtml\html_tag.h">
      <Filter>Header Files</Filter>
    </ClInclude>
    <ClInclude Include="include\litehtml\iterators.h">
      <Filter>Header Files</Filter>
    </ClInclude>
    <ClInclude Include="include\litehtml\media_query.h">
      <Filter>Header Files</Filter>
    </ClInclude>
    <ClInclude Include="include\litehtml\os_types.h">
      <Filter>Header Files</Filter>
    </ClInclude>
    <ClInclude Include="include\litehtml\style.h">
      <Filter>Header Files</Filter>
    </ClInclude>
    <ClInclude Include="include\litehtml\stylesheet.h">
      <Filter>Header Files</Filter>
    </ClInclude>
    <ClInclude Include="include\litehtml\table.h">
      <Filter>Header Files</Filter>
    </ClInclude>
    <ClInclude Include="include\litehtml\types.h">
      <Filter>Header Files</Filter>
    </ClInclude>
    <ClInclude Include="include\litehtml\utf8_strings.h">
      <Filter>Header Files</Filter>
    </ClInclude>
    <ClInclude Include="include\litehtml\web_color.h">
      <Filter>Header Files</Filter>
    </ClInclude>
    <ClInclude Include="src\gumbo\include\gumbo\attribute.h">
      <Filter>Header Files\gumbo</Filter>
    </ClInclude>
    <ClInclude Include="src\gumbo\include\gumbo\char_ref.h">
      <Filter>Header Files\gumbo</Filter>
    </ClInclude>
    <ClInclude Include="src\gumbo\include\gumbo\error.h">
      <Filter>Header Files\gumbo</Filter>
    </ClInclude>
    <ClInclude Include="src\gumbo\include\gumbo\gumbo.h">
      <Filter>Header Files\gumbo</Filter>
    </ClInclude>
    <ClInclude Include="src\gumbo\include\gumbo\insertion_mode.h">
      <Filter>Header Files\gumbo</Filter>
    </ClInclude>
    <ClInclude Include="src\gumbo\include\gumbo\parser.h">
      <Filter>Header Files\gumbo</Filter>
    </ClInclude>
    <ClInclude Include="src\gumbo\include\gumbo\strings.h">
      <Filter>Header Files\gumbo</Filter>
    </ClInclude>
    <ClInclude Include="src\gumbo\include\gumbo\string_buffer.h">
      <Filter>Header Files\gumbo</Filter>
    </ClInclude>
    <ClInclude Include="src\gumbo\include\gumbo\string_piece.h">
      <Filter>Header Files\gumbo</Filter>
    </ClInclude>
    <ClInclude Include="src\gumbo\include\gumbo\tag_enum.h">
      <Filter>Header Files\gumbo</Filter>
    </ClInclude>
    <ClInclude Include="src\gumbo\include\gumbo\tag_gperf.h">
      <Filter>Header Files\gumbo</Filter>
    </ClInclude>
    <ClInclude Include="src\gumbo\include\gumbo\tag_sizes.h">
      <Filter>Header Files\gumbo</Filter>
    </ClInclude>
    <ClInclude Include="src\gumbo\include\gumbo\tag_strings.h">
      <Filter>Header Files\gumbo</Filter>
    </ClInclude>
    <ClInclude Include="src\gumbo\include\gumbo\tokenizer.h">
      <Filter>Header Files\gumbo</Filter>
    </ClInclude>
    <ClInclude Include="src\gumbo\include\gumbo\tokenizer_states.h">
      <Filter>Header Files\gumbo</Filter>
    </ClInclude>
    <ClInclude Include="src\gumbo\include\gumbo\token_type.h">
      <Filter>Header Files\gumbo</Filter>
    </ClInclude>
    <ClInclude Include="src\gumbo\include\gumbo\utf8.h">
      <Filter>Header Files\gumbo</Filter>
    </ClInclude>
    <ClInclude Include="src\gumbo\include\gumbo\util.h">
      <Filter>Header Files\gumbo</Filter>
    </ClInclude>
    <ClInclude Include="src\gumbo\include\gumbo\vector.h">
      <Filter>Header Files\gumbo</Filter>
    </ClInclude>
    <ClInclude Include="include\litehtml\el_li.h">
      <Filter>Header Files</Filter>
    </ClInclude>
    <ClInclude Include="include\litehtml\num_cvt.h">
      <Filter>Header Files</Filter>
    </ClInclude>
  </ItemGroup>
</Project>